<?xml version="1.0" encoding="utf-8"?>
<Project ToolsVersion="4.0" xmlns="http://schemas.microsoft.com/developer/msbuild/2003">
  <ItemGroup>
    <ClInclude Include="boundary_condition.h">
      <Filter>Header Files</Filter>
    </ClInclude>
    <ClInclude Include="discretization_order.h">
      <Filter>Header Files</Filter>
    </ClInclude>
    <ClInclude Include="filesystem.h">
      <Filter>Header Files</Filter>
    </ClInclude>
    <ClInclude Include="float4_arithmetics.h">
      <Filter>Header Files</Filter>
    </ClInclude>
    <ClInclude Include="gas_dynamic_flux.h">
      <Filter>Header Files</Filter>
    </ClInclude>
    <ClInclude Include="gas_state.h">
      <Filter>Header Files</Filter>
    </ClInclude>
    <ClInclude Include="get_extrapolated_ghost_value.h">
      <Filter>Header Files</Filter>
    </ClInclude>
    <ClInclude Include="gpu_grid.h">
      <Filter>Header Files</Filter>
    </ClInclude>
    <ClInclude Include="gpu_matrix.h">
      <Filter>Header Files</Filter>
    </ClInclude>
    <ClInclude Include="gpu_matrix_writer.h">
      <Filter>Header Files</Filter>
    </ClInclude>
    <ClInclude Include="level_set_derivatives.h">
      <Filter>Header Files</Filter>
    </ClInclude>
    <ClInclude Include="math_utilities.h">
      <Filter>Header Files</Filter>
    </ClInclude>
    <ClInclude Include="propellant_properties.h">
      <Filter>Header Files</Filter>
    </ClInclude>
    <ClInclude Include="shape_solver_types.h">
      <Filter>Header Files</Filter>
    </ClInclude>
    <ClInclude Include="shape_types.h">
      <Filter>Header Files</Filter>
    </ClInclude>
    <ClInclude Include="solver_callbacks.h">
      <Filter>Header Files</Filter>
    </ClInclude>
    <ClInclude Include="to_float.h">
      <Filter>Header Files</Filter>
    </ClInclude>
    <ClInclude Include="srm_shape_with_umbrella_def.h">
      <Filter>Header Files\Shapes</Filter>
    </ClInclude>
    <ClInclude Include="srm_shape_with_umbrella.h">
      <Filter>Header Files\Shapes</Filter>
    </ClInclude>
    <ClInclude Include="srm_shape_nozzle_less_def.h">
      <Filter>Header Files\Shapes</Filter>
    </ClInclude>
    <ClInclude Include="srm_shape_nozzle_less.h">
      <Filter>Header Files\Shapes</Filter>
    </ClInclude>
    <ClInclude Include="tube_shape.h">
      <Filter>Header Files\Shapes</Filter>
    </ClInclude>
    <ClInclude Include="shapes.h">
      <Filter>Header Files\Shapes</Filter>
    </ClInclude>
    <ClInclude Include="gpu_gas_dynamic_kernel.h">
      <Filter>Header Files\Kernels</Filter>
    </ClInclude>
    <ClInclude Include="gpu_build_ghost_to_closest_map_kernel.h">
      <Filter>Header Files\Kernels</Filter>
    </ClInclude>
    <ClInclude Include="gpu_integrate_kernel.h">
      <Filter>Header Files\Kernels</Filter>
    </ClInclude>
    <ClInclude Include="gpu_reinitialize_kernel.h">
      <Filter>Header Files\Kernels</Filter>
    </ClInclude>
    <ClInclude Include="gpu_srm_solver.h">
      <Filter>Header Files\Solvers</Filter>
    </ClInclude>
    <ClInclude Include="gpu_srm_solver_def.h">
      <Filter>Header Files\Solvers</Filter>
    </ClInclude>
    <ClInclude Include="gpu_set_ghost_points_kernel.h">
      <Filter>Header Files\Kernels</Filter>
    </ClInclude>
    <ClInclude Include="gpu_level_set_solver.h">
      <Filter>Header Files\Solvers</Filter>
    </ClInclude>
    <ClInclude Include="gpu_level_set_solver_def.h">
      <Filter>Header Files\Solvers</Filter>
    </ClInclude>
    <ClInclude Include="cuda_float_types.h">
      <Filter>Header Files</Filter>
    </ClInclude>
    <ClInclude Include="gpu_calculate_ghost_point_data_kernel.h">
      <Filter>Header Files\Kernels</Filter>
    </ClInclude>
    <ClInclude Include="ghost_point_data.h">
      <Filter>Header Files</Filter>
    </ClInclude>
    <ClInclude Include="get_closest_index.h">
      <Filter>Header Files</Filter>
    </ClInclude>
    <ClInclude Include="std_includes.h">
      <Filter>Header Files\Third Party Includes</Filter>
    </ClInclude>
    <ClInclude Include="cuda_includes.h">
      <Filter>Header Files\Third Party Includes</Filter>
    </ClInclude>
  </ItemGroup>
  <ItemGroup>
    <Filter Include="Header Files">
      <UniqueIdentifier>{19f29e1f-d132-4e0c-9fbe-a9eb367165d9}</UniqueIdentifier>
    </Filter>
    <Filter Include="Source Files">
      <UniqueIdentifier>{5c28633a-f7f8-40da-a58e-902aa7e84aca}</UniqueIdentifier>
    </Filter>
    <Filter Include="Header Files\Shapes">
      <UniqueIdentifier>{84a30a35-4eea-4035-a7c2-a4f4bd5fc77b}</UniqueIdentifier>
    </Filter>
    <Filter Include="Header Files\Solvers">
      <UniqueIdentifier>{1fe928c9-02a1-46f7-af0c-ab3b447db9d1}</UniqueIdentifier>
    </Filter>
    <Filter Include="Header Files\Kernels">
      <UniqueIdentifier>{cfe86df0-cd91-4a8a-85f2-1995d1f5e652}</UniqueIdentifier>
    </Filter>
    <Filter Include="Header Files\Third Party Includes">
      <UniqueIdentifier>{bb39842e-eda9-4d62-9dfb-622761569f30}</UniqueIdentifier>
    </Filter>
  </ItemGroup>
  <ItemGroup>
    <CudaCompile Include="main.cu">
      <Filter>Source Files</Filter>
    </CudaCompile>
  </ItemGroup>
  <ItemGroup>
    <ClCompile Include="filesystem.cpp">
      <Filter>Source Files</Filter>
    </ClCompile>
  </ItemGroup>
</Project>