<?xml version="1.0" encoding="utf-8"?>
<Project ToolsVersion="4.0" xmlns="http://schemas.microsoft.com/developer/msbuild/2003">
  <ItemGroup>
    <CudaCompile Include="gpu_matrix_tests.cu" />
    <CudaCompile Include="kernel.cu" />
    <CudaCompile Include="gpu_level_set_solver_tests.cu" />
  </ItemGroup>
  <ItemGroup>
    <ClCompile Include="dummy.cpp" />
    <ClCompile Include="float4_arithmetics_tests.cpp" />
    <ClCompile Include="gas_dynamic_flux_tests.cpp" />
    <ClCompile Include="gas_state_tests.cpp" />
    <ClCompile Include="get_coordinate_matrix_tests.cpp" />
    <ClCompile Include="get_extrapolated_ghost_value_tests.cpp" />
    <ClCompile Include="get_stencil_indices_tests.cpp" />
    <ClCompile Include="gpu_grid_tests.cpp" />
    <ClCompile Include="math_utilities_tests.cpp" />
    <ClCompile Include="linear_system_solver_tests.cpp" />
    <ClCompile Include="extrapolate_polynomial_tests.cpp" />
  </ItemGroup>
  <ItemGroup>
    <ClInclude Include="aliases.h">
      <Filter>utils</Filter>
    </ClInclude>
    <ClInclude Include="comparators.h">
      <Filter>utils</Filter>
    </ClInclude>
    <ClInclude Include="circle_shape.h">
      <Filter>utils</Filter>
    </ClInclude>
  </ItemGroup>
  <ItemGroup>
    <Filter Include="utils">
      <UniqueIdentifier>{6fd93ac6-08f5-4797-ab1e-a75e480ddfc1}</UniqueIdentifier>
    </Filter>
  </ItemGroup>
</Project>